Microsoft Visual Studio Solution File, Format Version 11.00
# Visual Studio 2008

Project("{BB94ED26-4C31-5446-4586-5CFA18BC775C}") = "CatalystGo", "Assembly-CSharp-firstpass.csproj", "{1EC6B1F5-EA4B-C729-CA23-85450F898D7C}"
EndProject
Project("{BB94ED26-4C31-5446-4586-5CFA18BC775C}") = "CatalystGo", "Assembly-CSharp.csproj", "{B083F84C-2097-10F1-FF6B-114605A4F367}"
EndProject
Project("{BB94ED26-4C31-5446-4586-5CFA18BC775C}") = "CatalystGo", "Assembly-CSharp-Editor.csproj", "{A67A6DB2-BE20-222E-B727-303809377C69}"
EndProject
Global
	GlobalSection(SolutionConfigurationPlatforms) = preSolution
		Debug|Any CPU = Debug|Any CPU
		Release|Any CPU = Release|Any CPU
	EndGlobalSection
	GlobalSection(ProjectConfigurationPlatforms) = postSolution
		{1EC6B1F5-EA4B-C729-CA23-85450F898D7C}.Debug|Any CPU.ActiveCfg = Debug|Any CPU
		{1EC6B1F5-EA4B-C729-CA23-85450F898D7C}.Debug|Any CPU.Build.0 = Debug|Any CPU
		{1EC6B1F5-EA4B-C729-CA23-85450F898D7C}.Release|Any CPU.ActiveCfg = Release|Any CPU
		{1EC6B1F5-EA4B-C729-CA23-85450F898D7C}.Release|Any CPU.Build.0 = Release|Any CPU
		{B083F84C-2097-10F1-FF6B-114605A4F367}.Debug|Any CPU.ActiveCfg = Debug|Any CPU
		{B083F84C-2097-10F1-FF6B-114605A4F367}.Debug|Any CPU.Build.0 = Debug|Any CPU
		{B083F84C-2097-10F1-FF6B-114605A4F367}.Release|Any CPU.ActiveCfg = Release|Any CPU
		{B083F84C-2097-10F1-FF6B-114605A4F367}.Release|Any CPU.Build.0 = Release|Any CPU
		{A67A6DB2-BE20-222E-B727-303809377C69}.Debug|Any CPU.ActiveCfg = Debug|Any CPU
		{A67A6DB2-BE20-222E-B727-303809377C69}.Debug|Any CPU.Build.0 = Debug|Any CPU
		{A67A6DB2-BE20-222E-B727-303809377C69}.Release|Any CPU.ActiveCfg = Release|Any CPU
		{A67A6DB2-BE20-222E-B727-303809377C69}.Release|Any CPU.Build.0 = Release|Any CPU
	EndGlobalSection
	GlobalSection(SolutionProperties) = preSolution
		HideSolutionNode = FALSE
	EndGlobalSection
	GlobalSection(MonoDevelopProperties) = preSolution
		StartupItem = Assembly-CSharp.csproj
	EndGlobalSection
EndGlobal
